// !$*UTF8*$!
{
	archiveVersion = 1;
	classes = {
	};
	objectVersion = 56;
	objects = {

/* Begin PBXBuildFile section */
		B49944022CBAEF1400DD511E /* AppDelegate.swift in Sources */ = {isa = PBXBuildFile; fileRef = B49944012CBAEF1400DD511E /* AppDelegate.swift */; };
		B49944042CBAEF1400DD511E /* SceneDelegate.swift in Sources */ = {isa = PBXBuildFile; fileRef = B49944032CBAEF1400DD511E /* SceneDelegate.swift */; };
		B49944062CBAEF1400DD511E /* ViewController.swift in Sources */ = {isa = PBXBuildFile; fileRef = B49944052CBAEF1400DD511E /* ViewController.swift */; };
		B49944092CBAEF1400DD511E /* Main.storyboard in Resources */ = {isa = PBXBuildFile; fileRef = B49944072CBAEF1400DD511E /* Main.storyboard */; };
		B499440B2CBAEF1600DD511E /* Assets.xcassets in Resources */ = {isa = PBXBuildFile; fileRef = B499440A2CBAEF1600DD511E /* Assets.xcassets */; };
		B499440E2CBAEF1600DD511E /* LaunchScreen.storyboard in Resources */ = {isa = PBXBuildFile; fileRef = B499440C2CBAEF1600DD511E /* LaunchScreen.storyboard */; };
		B49944192CBAF34E00DD511E /* libMyStaticLibrary.a in Frameworks */ = {isa = PBXBuildFile; fileRef = B49944182CBAF34E00DD511E /* libMyStaticLibrary.a */; };
/* End PBXBuildFile section */

/* Begin PBXFileReference section */
		B49943FE2CBAEF1400DD511E /* MyMainProjectStaticLibTest.app */ = {isa = PBXFileReference; explicitFileType = wrapper.application; includeInIndex = 0; path = MyMainProjectStaticLibTest.app; sourceTree = BUILT_PRODUCTS_DIR; };
		B49944012CBAEF1400DD511E /* AppDelegate.swift */ = {isa = PBXFileReference; lastKnownFileType = sourcecode.swift; path = AppDelegate.swift; sourceTree = "<group>"; };
		B49944032CBAEF1400DD511E /* SceneDelegate.swift */ = {isa = PBXFileReference; lastKnownFileType = sourcecode.swift; path = SceneDelegate.swift; sourceTree = "<group>"; };
		B49944052CBAEF1400DD511E /* ViewController.swift */ = {isa = PBXFileReference; lastKnownFileType = sourcecode.swift; path = ViewController.swift; sourceTree = "<group>"; };
		B49944082CBAEF1400DD511E /* Base */ = {isa = PBXFileReference; lastKnownFileType = file.storyboard; name = Base; path = Base.lproj/Main.storyboard; sourceTree = "<group>"; };
		B499440A2CBAEF1600DD511E /* Assets.xcassets */ = {isa = PBXFileReference; lastKnownFileType = folder.assetcatalog; path = Assets.xcassets; sourceTree = "<group>"; };
		B499440D2CBAEF1600DD511E /* Base */ = {isa = PBXFileReference; lastKnownFileType = file.storyboard; name = Base; path = Base.lproj/LaunchScreen.storyboard; sourceTree = "<group>"; };
		B499440F2CBAEF1600DD511E /* Info.plist */ = {isa = PBXFileReference; lastKnownFileType = text.plist.xml; path = Info.plist; sourceTree = "<group>"; };
		B49944162CBAEF7000DD511E /* libMyStaticLibrary.a */ = {isa = PBXFileReference; lastKnownFileType = archive.ar; name = libMyStaticLibrary.a; path = MantoStaticLib/libMyStaticLibrary.a; sourceTree = "<group>"; };
		B49944182CBAF34E00DD511E /* libMyStaticLibrary.a */ = {isa = PBXFileReference; lastKnownFileType = archive.ar; name = libMyStaticLibrary.a; path = StaticLibrary/libMyStaticLibrary.a; sourceTree = "<group>"; };
/* End PBXFileReference section */

/* Begin PBXFrameworksBuildPhase section */
		B49943FB2CBAEF1400DD511E /* Frameworks */ = {
			isa = PBXFrameworksBuildPhase;
			buildActionMask = 2147483647;
			files = (
				B49944192CBAF34E00DD511E /* libMyStaticLibrary.a in Frameworks */,
			);
			runOnlyForDeploymentPostprocessing = 0;
		};
/* End PBXFrameworksBuildPhase section */

/* Begin PBXGroup section */
		B49943F52CBAEF1400DD511E = {
			isa = PBXGroup;
			children = (
				B49944002CBAEF1400DD511E /* MyMainProjectStaticLibTest */,
				B49943FF2CBAEF1400DD511E /* Products */,
				B49944152CBAEF7000DD511E /* Frameworks */,
			);
			sourceTree = "<group>";
		};
		B49943FF2CBAEF1400DD511E /* Products */ = {
			isa = PBXGroup;
			children = (
				B49943FE2CBAEF1400DD511E /* MyMainProjectStaticLibTest.app */,
			);
			name = Products;
			sourceTree = "<group>";
		};
		B49944002CBAEF1400DD511E /* MyMainProjectStaticLibTest */ = {
			isa = PBXGroup;
			children = (
				B49944012CBAEF1400DD511E /* AppDelegate.swift */,
				B49944032CBAEF1400DD511E /* SceneDelegate.swift */,
				B49944052CBAEF1400DD511E /* ViewController.swift */,
				B49944072CBAEF1400DD511E /* Main.storyboard */,
				B499440A2CBAEF1600DD511E /* Assets.xcassets */,
				B499440C2CBAEF1600DD511E /* LaunchScreen.storyboard */,
				B499440F2CBAEF1600DD511E /* Info.plist */,
			);
			path = MyMainProjectStaticLibTest;
			sourceTree = "<group>";
		};
		B49944152CBAEF7000DD511E /* Frameworks */ = {
			isa = PBXGroup;
			children = (
				B49944182CBAF34E00DD511E /* libMyStaticLibrary.a */,
				B49944162CBAEF7000DD511E /* libMyStaticLibrary.a */,
			);
			name = Frameworks;
			sourceTree = "<group>";
		};
/* End PBXGroup section */

/* Begin PBXNativeTarget section */
		B49943FD2CBAEF1400DD511E /* MyMainProjectStaticLibTest */ = {
			isa = PBXNativeTarget;
			buildConfigurationList = B49944122CBAEF1600DD511E /* Build configuration list for PBXNativeTarget "MyMainProjectStaticLibTest" */;
			buildPhases = (
				B49943FA2CBAEF1400DD511E /* Sources */,
				B49943FB2CBAEF1400DD511E /* Frameworks */,
				B49943FC2CBAEF1400DD511E /* Resources */,
			);
			buildRules = (
			);
			dependencies = (
			);
			name = MyMainProjectStaticLibTest;
			productName = MyMainProjectStaticLibTest;
			productReference = B49943FE2CBAEF1400DD511E /* MyMainProjectStaticLibTest.app */;
			productType = "com.apple.product-type.application";
		};
/* End PBXNativeTarget section */

/* Begin PBXProject section */
		B49943F62CBAEF1400DD511E /* Project object */ = {
			isa = PBXProject;
			attributes = {
				BuildIndependentTargetsInParallel = 1;
				LastSwiftUpdateCheck = 1500;
				LastUpgradeCheck = 1500;
				TargetAttributes = {
					B49943FD2CBAEF1400DD511E = {
						CreatedOnToolsVersion = 15.0.1;
					};
				};
			};
			buildConfigurationList = B49943F92CBAEF1400DD511E /* Build configuration list for PBXProject "MyMainProjectStaticLibTest" */;
			compatibilityVersion = "Xcode 14.0";
			developmentRegion = en;
			hasScannedForEncodings = 0;
			knownRegions = (
				en,
				Base,
			);
			mainGroup = B49943F52CBAEF1400DD511E;
			productRefGroup = B49943FF2CBAEF1400DD511E /* Products */;
			projectDirPath = "";
			projectRoot = "";
			targets = (
				B49943FD2CBAEF1400DD511E /* MyMainProjectStaticLibTest */,
			);
		};
/* End PBXProject section */

/* Begin PBXResourcesBuildPhase section */
		B49943FC2CBAEF1400DD511E /* Resources */ = {
			isa = PBXResourcesBuildPhase;
			buildActionMask = 2147483647;
			files = (
				B499440E2CBAEF1600DD511E /* LaunchScreen.storyboard in Resources */,
				B499440B2CBAEF1600DD511E /* Assets.xcassets in Resources */,
				B49944092CBAEF1400DD511E /* Main.storyboard in Resources */,
			);
			runOnlyForDeploymentPostprocessing = 0;
		};
/* End PBXResourcesBuildPhase section */

/* Begin PBXSourcesBuildPhase section */
		B49943FA2CBAEF1400DD511E /* Sources */ = {
			isa = PBXSourcesBuildPhase;
			buildActionMask = 2147483647;
			files = (
				B49944062CBAEF1400DD511E /* ViewController.swift in Sources */,
				B49944022CBAEF1400DD511E /* AppDelegate.swift in Sources */,
				B49944042CBAEF1400DD511E /* SceneDelegate.swift in Sources */,
			);
			runOnlyForDeploymentPostprocessing = 0;
		};
/* End PBXSourcesBuildPhase section */

/* Begin PBXVariantGroup section */
		B49944072CBAEF1400DD511E /* Main.storyboard */ = {
			isa = PBXVariantGroup;
			children = (
				B49944082CBAEF1400DD511E /* Base */,
			);
			name = Main.storyboard;
			sourceTree = "<group>";
		};
		B499440C2CBAEF1600DD511E /* LaunchScreen.storyboard */ = {
			isa = PBXVariantGroup;
			children = (
				B499440D2CBAEF1600DD511E /* Base */,
			);
			name = LaunchScreen.storyboard;
			sourceTree = "<group>";
		};
/* End PBXVariantGroup section */

/* Begin XCBuildConfiguration section */
		B49944102CBAEF1600DD511E /* Debug */ = {
			isa = XCBuildConfiguration;
			buildSettings = {
				ALWAYS_SEARCH_USER_PATHS = NO;
				ASSETCATALOG_COMPILER_GENERATE_SWIFT_ASSET_SYMBOL_EXTENSIONS = YES;
				CLANG_ANALYZER_NONNULL = YES;
				CLANG_ANALYZER_NUMBER_OBJECT_CONVERSION = YES_AGGRESSIVE;
				CLANG_CXX_LANGUAGE_STANDARD = "gnu++20";
				CLANG_ENABLE_MODULES = YES;
				CLANG_ENABLE_OBJC_ARC = YES;
				CLANG_ENABLE_OBJC_WEAK = YES;
				CLANG_WARN_BLOCK_CAPTURE_AUTORELEASING = YES;
				CLANG_WARN_BOOL_CONVERSION = YES;
				CLANG_WARN_COMMA = YES;
				CLANG_WARN_CONSTANT_CONVERSION = YES;
				CLANG_WARN_DEPRECATED_OBJC_IMPLEMENTATIONS = YES;
				CLANG_WARN_DIRECT_OBJC_ISA_USAGE = YES_ERROR;
				CLANG_WARN_DOCUMENTATION_COMMENTS = YES;
				CLANG_WARN_EMPTY_BODY = YES;
				CLANG_WARN_ENUM_CONVERSION = YES;
				CLANG_WARN_INFINITE_RECURSION = YES;
				CLANG_WARN_INT_CONVERSION = YES;
				CLANG_WARN_NON_LITERAL_NULL_CONVERSION = YES;
				CLANG_WARN_OBJC_IMPLICIT_RETAIN_SELF = YES;
				CLANG_WARN_OBJC_LITERAL_CONVERSION = YES;
				CLANG_WARN_OBJC_ROOT_CLASS = YES_ERROR;
				CLANG_WARN_QUOTED_INCLUDE_IN_FRAMEWORK_HEADER = YES;
				CLANG_WARN_RANGE_LOOP_ANALYSIS = YES;
				CLANG_WARN_STRICT_PROTOTYPES = YES;
				CLANG_WARN_SUSPICIOUS_MOVE = YES;
				CLANG_WARN_UNGUARDED_AVAILABILITY = YES_AGGRESSIVE;
				CLANG_WARN_UNREACHABLE_CODE = YES;
				CLANG_WARN__DUPLICATE_METHOD_MATCH = YES;
				COPY_PHASE_STRIP = NO;
				DEBUG_INFORMATION_FORMAT = dwarf;
				ENABLE_STRICT_OBJC_MSGSEND = YES;
				ENABLE_TESTABILITY = YES;
				ENABLE_USER_SCRIPT_SANDBOXING = YES;
				GCC_C_LANGUAGE_STANDARD = gnu17;
				GCC_DYNAMIC_NO_PIC = NO;
				GCC_NO_COMMON_BLOCKS = YES;
				GCC_OPTIMIZATION_LEVEL = 0;
				GCC_PREPROCESSOR_DEFINITIONS = (
					"DEBUG=1",
					"$(inherited)",
				);
				GCC_WARN_64_TO_32_BIT_CONVERSION = YES;
				GCC_WARN_ABOUT_RETURN_TYPE = YES_ERROR;
				GCC_WARN_UNDECLARED_SELECTOR = YES;
				GCC_WARN_UNINITIALIZED_AUTOS = YES_AGGRESSIVE;
				GCC_WARN_UNUSED_FUNCTION = YES;
				GCC_WARN_UNUSED_VARIABLE = YES;
				IPHONEOS_DEPLOYMENT_TARGET = 17.0;
				LOCALIZATION_PREFERS_STRING_CATALOGS = YES;
				MTL_ENABLE_DEBUG_INFO = INCLUDE_SOURCE;
				MTL_FAST_MATH = YES;
				ONLY_ACTIVE_ARCH = YES;
				SDKROOT = iphoneos;
				SWIFT_ACTIVE_COMPILATION_CONDITIONS = "DEBUG $(inherited)";
				SWIFT_OPTIMIZATION_LEVEL = "-Onone";
			};
			name = Debug;
		};
		B49944112CBAEF1600DD511E /* Release */ = {
			isa = XCBuildConfiguration;
			buildSettings = {
				ALWAYS_SEARCH_USER_PATHS = NO;
				ASSETCATALOG_COMPILER_GENERATE_SWIFT_ASSET_SYMBOL_EXTENSIONS = YES;
				CLANG_ANALYZER_NONNULL = YES;
				CLANG_ANALYZER_NUMBER_OBJECT_CONVERSION = YES_AGGRESSIVE;
				CLANG_CXX_LANGUAGE_STANDARD = "gnu++20";
				CLANG_ENABLE_MODULES = YES;
				CLANG_ENABLE_OBJC_ARC = YES;
				CLANG_ENABLE_OBJC_WEAK = YES;
				CLANG_WARN_BLOCK_CAPTURE_AUTORELEASING = YES;
				CLANG_WARN_BOOL_CONVERSION = YES;
				CLANG_WARN_COMMA = YES;
				CLANG_WARN_CONSTANT_CONVERSION = YES;
				CLANG_WARN_DEPRECATED_OBJC_IMPLEMENTATIONS = YES;
				CLANG_WARN_DIRECT_OBJC_ISA_USAGE = YES_ERROR;
				CLANG_WARN_DOCUMENTATION_COMMENTS = YES;
				CLANG_WARN_EMPTY_BODY = YES;
				CLANG_WARN_ENUM_CONVERSION = YES;
				CLANG_WARN_INFINITE_RECURSION = YES;
				CLANG_WARN_INT_CONVERSION = YES;
				CLANG_WARN_NON_LITERAL_NULL_CONVERSION = YES;
				CLANG_WARN_OBJC_IMPLICIT_RETAIN_SELF = YES;
				CLANG_WARN_OBJC_LITERAL_CONVERSION = YES;
				CLANG_WARN_OBJC_ROOT_CLASS = YES_ERROR;
				CLANG_WARN_QUOTED_INCLUDE_IN_FRAMEWORK_HEADER = YES;
				CLANG_WARN_RANGE_LOOP_ANALYSIS = YES;
				CLANG_WARN_STRICT_PROTOTYPES = YES;
				CLANG_WARN_SUSPICIOUS_MOVE = YES;
				CLANG_WARN_UNGUARDED_AVAILABILITY = YES_AGGRESSIVE;
				CLANG_WARN_UNREACHABLE_CODE = YES;
				CLANG_WARN__DUPLICATE_METHOD_MATCH = YES;
				COPY_PHASE_STRIP = NO;
				DEBUG_INFORMATION_FORMAT = "dwarf-with-dsym";
				ENABLE_NS_ASSERTIONS = NO;
				ENABLE_STRICT_OBJC_MSGSEND = YES;
				ENABLE_USER_SCRIPT_SANDBOXING = YES;
				GCC_C_LANGUAGE_STANDARD = gnu17;
				GCC_NO_COMMON_BLOCKS = YES;
				GCC_WARN_64_TO_32_BIT_CONVERSION = YES;
				GCC_WARN_ABOUT_RETURN_TYPE = YES_ERROR;
				GCC_WARN_UNDECLARED_SELECTOR = YES;
				GCC_WARN_UNINITIALIZED_AUTOS = YES_AGGRESSIVE;
				GCC_WARN_UNUSED_FUNCTION = YES;
				GCC_WARN_UNUSED_VARIABLE = YES;
				IPHONEOS_DEPLOYMENT_TARGET = 17.0;
				LOCALIZATION_PREFERS_STRING_CATALOGS = YES;
				MTL_ENABLE_DEBUG_INFO = NO;
				MTL_FAST_MATH = YES;
				SDKROOT = iphoneos;
				SWIFT_COMPILATION_MODE = wholemodule;
				VALIDATE_PRODUCT = YES;
			};
			name = Release;
		};
		B49944132CBAEF1600DD511E /* Debug */ = {
			isa = XCBuildConfiguration;
			buildSettings = {
				ASSETCATALOG_COMPILER_APPICON_NAME = AppIcon;
				ASSETCATALOG_COMPILER_GLOBAL_ACCENT_COLOR_NAME = AccentColor;
				CODE_SIGN_STYLE = Automatic;
				CURRENT_PROJECT_VERSION = 1;
				GENERATE_INFOPLIST_FILE = YES;
				INFOPLIST_FILE = MyMainProjectStaticLibTest/Info.plist;
				INFOPLIST_KEY_UIApplicationSupportsIndirectInputEvents = YES;
				INFOPLIST_KEY_UILaunchStoryboardName = LaunchScreen;
				INFOPLIST_KEY_UIMainStoryboardFile = Main;
				INFOPLIST_KEY_UISupportedInterfaceOrientations_iPad = "UIInterfaceOrientationPortrait UIInterfaceOrientationPortraitUpsideDown UIInterfaceOrientationLandscapeLeft UIInterfaceOrientationLandscapeRight";
				INFOPLIST_KEY_UISupportedInterfaceOrientations_iPhone = "UIInterfaceOrientationPortrait UIInterfaceOrientationLandscapeLeft UIInterfaceOrientationLandscapeRight";
				LD_RUNPATH_SEARCH_PATHS = (
					"$(inherited)",
					"@executable_path/Frameworks",
				);
				LIBRARY_SEARCH_PATHS = (
					"$(inherited)",
					"$(PROJECT_DIR)/StaticLibrary",
				);
				MARKETING_VERSION = 1.0;
				PRODUCT_BUNDLE_IDENTIFIER = mantosh.MyMainProjectStaticLibTest;
				PRODUCT_NAME = "$(TARGET_NAME)";
				SWIFT_EMIT_LOC_STRINGS = YES;
				SWIFT_INCLUDE_PATHS = "$(PROJECT_DIR)/StaticLibrary";
				SWIFT_VERSION = 5.0;
				TARGETED_DEVICE_FAMILY = "1,2";
			};
			name = Debug;
		};
		B49944142CBAEF1600DD511E /* Release */ = {
			isa = XCBuildConfiguration;
			buildSettings = {
				ASSETCATALOG_COMPILER_APPICON_NAME = AppIcon;
				ASSETCATALOG_COMPILER_GLOBAL_ACCENT_COLOR_NAME = AccentColor;
				CODE_SIGN_STYLE = Automatic;
				CURRENT_PROJECT_VERSION = 1;
				GENERATE_INFOPLIST_FILE = YES;
				INFOPLIST_FILE = MyMainProjectStaticLibTest/Info.plist;
				INFOPLIST_KEY_UIApplicationSupportsIndirectInputEvents = YES;
				INFOPLIST_KEY_UILaunchStoryboardName = LaunchScreen;
				INFOPLIST_KEY_UIMainStoryboardFile = Main;
				INFOPLIST_KEY_UISupportedInterfaceOrientations_iPad = "UIInterfaceOrientationPortrait UIInterfaceOrientationPortraitUpsideDown UIInterfaceOrientationLandscapeLeft UIInterfaceOrientationLandscapeRight";
				INFOPLIST_KEY_UISupportedInterfaceOrientations_iPhone = "UIInterfaceOrientationPortrait UIInterfaceOrientationLandscapeLeft UIInterfaceOrientationLandscapeRight";
				LD_RUNPATH_SEARCH_PATHS = (
					"$(inherited)",
					"@executable_path/Frameworks",
				);
				LIBRARY_SEARCH_PATHS = (
					"$(inherited)",
					"$(PROJECT_DIR)/StaticLibrary",
				);
				MARKETING_VERSION = 1.0;
				PRODUCT_BUNDLE_IDENTIFIER = mantosh.MyMainProjectStaticLibTest;
				PRODUCT_NAME = "$(TARGET_NAME)";
				SWIFT_EMIT_LOC_STRINGS = YES;
				SWIFT_INCLUDE_PATHS = "$(PROJECT_DIR)/StaticLibrary";
				SWIFT_VERSION = 5.0;
				TARGETED_DEVICE_FAMILY = "1,2";
			};
			name = Release;
		};
/* End XCBuildConfiguration section */

/* Begin XCConfigurationList section */
		B49943F92CBAEF1400DD511E /* Build configuration list for PBXProject "MyMainProjectStaticLibTest" */ = {
			isa = XCConfigurationList;
			buildConfigurations = (
				B49944102CBAEF1600DD511E /* Debug */,
				B49944112CBAEF1600DD511E /* Release */,
			);
			defaultConfigurationIsVisible = 0;
			defaultConfigurationName = Release;
		};
		B49944122CBAEF1600DD511E /* Build configuration list for PBXNativeTarget "MyMainProjectStaticLibTest" */ = {
			isa = XCConfigurationList;
			buildConfigurations = (
				B49944132CBAEF1600DD511E /* Debug */,
				B49944142CBAEF1600DD511E /* Release */,
			);
			defaultConfigurationIsVisible = 0;
			defaultConfigurationName = Release;
		};
/* End XCConfigurationList section */
	};
	rootObject = B49943F62CBAEF1400DD511E /* Project object */;
}
